
Microsoft Visual Studio Solution File, Format Version 12.00
# Visual Studio Version 17
VisualStudioVersion = 17.4.33213.308
MinimumVisualStudioVersion = 10.0.40219.1
Project("{FAE04EC0-301F-11D3-BF4B-00C04F79EFBC}") = "LABAS1_NMCS", "LABAS1_NMCS\LABAS1_NMCS.csproj", "{D0C73BBC-1ED3-4A31-821A-02DDC5496883}"
EndProject
Global
	GlobalSection(SolutionConfigurationPlatforms) = preSolution
		Debug|Any CPU = Debug|Any CPU
		Release|Any CPU = Release|Any CPU
	EndGlobalSection
	GlobalSection(ProjectConfigurationPlatforms) = postSolution
		{D0C73BBC-1ED3-4A31-821A-02DDC5496883}.Debug|Any CPU.ActiveCfg = Debug|Any CPU
		{D0C73BBC-1ED3-4A31-821A-02DDC5496883}.Debug|Any CPU.Build.0 = Debug|Any CPU
		{D0C73BBC-1ED3-4A31-821A-02DDC5496883}.Release|Any CPU.ActiveCfg = Release|Any CPU
		{D0C73BBC-1ED3-4A31-821A-02DDC5496883}.Release|Any CPU.Build.0 = Release|Any CPU
	EndGlobalSection
	GlobalSection(SolutionProperties) = preSolution
		HideSolutionNode = FALSE
	EndGlobalSection
	GlobalSection(ExtensibilityGlobals) = postSolution
		SolutionGuid = {E21FDAE7-5BE0-47FB-973F-090F7F055818}
	EndGlobalSection
EndGlobal
